
Microsoft Visual Studio Solution File, Format Version 12.00
Project("{FAE04EC0-301F-11D3-BF4B-00C04F79EFBC}") = "TodoSimpleDemo.Web", "TodoSimpleDemo.Web\TodoSimpleDemo.Web.csproj", "{E0ED475C-DEAF-4485-8A2A-6FBFD77C3B70}"
EndProject
Project("{FAE04EC0-301F-11D3-BF4B-00C04F79EFBC}") = "EnterText.Console", "EnterText.Console\EnterText.Console.csproj", "{2D33EADB-DC78-4AA0-A897-85A020B4ECC1}"
EndProject
Project("{FAE04EC0-301F-11D3-BF4B-00C04F79EFBC}") = "TodoSimpleDemo.Console", "TodoSimpleDemo.Console\TodoSimpleDemo.Console.csproj", "{320FEEA8-B9A7-43FA-937A-0C346DC2EBF1}"
EndProject
Project("{FAE04EC0-301F-11D3-BF4B-00C04F79EFBC}") = "TodoSimpleDemo.Domain", "TodoSimpleDemo.Domain\TodoSimpleDemo.Domain.csproj", "{577E118B-8DEE-48F2-97E1-A9294C86EEBE}"
EndProject
Global
	GlobalSection(SolutionConfigurationPlatforms) = preSolution
		Debug|Any CPU = Debug|Any CPU
		Release|Any CPU = Release|Any CPU
	EndGlobalSection
	GlobalSection(ProjectConfigurationPlatforms) = postSolution
		{E0ED475C-DEAF-4485-8A2A-6FBFD77C3B70}.Debug|Any CPU.ActiveCfg = Debug|Any CPU
		{E0ED475C-DEAF-4485-8A2A-6FBFD77C3B70}.Debug|Any CPU.Build.0 = Debug|Any CPU
		{E0ED475C-DEAF-4485-8A2A-6FBFD77C3B70}.Release|Any CPU.ActiveCfg = Release|Any CPU
		{E0ED475C-DEAF-4485-8A2A-6FBFD77C3B70}.Release|Any CPU.Build.0 = Release|Any CPU
		{2D33EADB-DC78-4AA0-A897-85A020B4ECC1}.Debug|Any CPU.ActiveCfg = Debug|Any CPU
		{2D33EADB-DC78-4AA0-A897-85A020B4ECC1}.Debug|Any CPU.Build.0 = Debug|Any CPU
		{2D33EADB-DC78-4AA0-A897-85A020B4ECC1}.Release|Any CPU.ActiveCfg = Release|Any CPU
		{2D33EADB-DC78-4AA0-A897-85A020B4ECC1}.Release|Any CPU.Build.0 = Release|Any CPU
		{320FEEA8-B9A7-43FA-937A-0C346DC2EBF1}.Debug|Any CPU.ActiveCfg = Debug|Any CPU
		{320FEEA8-B9A7-43FA-937A-0C346DC2EBF1}.Debug|Any CPU.Build.0 = Debug|Any CPU
		{320FEEA8-B9A7-43FA-937A-0C346DC2EBF1}.Release|Any CPU.ActiveCfg = Release|Any CPU
		{320FEEA8-B9A7-43FA-937A-0C346DC2EBF1}.Release|Any CPU.Build.0 = Release|Any CPU
		{577E118B-8DEE-48F2-97E1-A9294C86EEBE}.Debug|Any CPU.ActiveCfg = Debug|Any CPU
		{577E118B-8DEE-48F2-97E1-A9294C86EEBE}.Debug|Any CPU.Build.0 = Debug|Any CPU
		{577E118B-8DEE-48F2-97E1-A9294C86EEBE}.Release|Any CPU.ActiveCfg = Release|Any CPU
		{577E118B-8DEE-48F2-97E1-A9294C86EEBE}.Release|Any CPU.Build.0 = Release|Any CPU
	EndGlobalSection
EndGlobal
